// !$*UTF8*$!
{
	archiveVersion = 1;
	classes = {
	};
	objectVersion = 56;
	objects = {

/* Begin PBXBuildFile section */
		9EC917342BF674D2007D1B64 /* PokedexApp.swift in Sources */ = {isa = PBXBuildFile; fileRef = 9EC917332BF674D2007D1B64 /* PokedexApp.swift */; };
		9EC917382BF674D4007D1B64 /* Assets.xcassets in Resources */ = {isa = PBXBuildFile; fileRef = 9EC917372BF674D4007D1B64 /* Assets.xcassets */; };
		9EC9173C2BF674D4007D1B64 /* Preview Assets.xcassets in Resources */ = {isa = PBXBuildFile; fileRef = 9EC9173B2BF674D4007D1B64 /* Preview Assets.xcassets */; };
		9EC917432BF674E6007D1B64 /* PokedexViewFinal.swift in Sources */ = {isa = PBXBuildFile; fileRef = 9EC917422BF674E6007D1B64 /* PokedexViewFinal.swift */; };
		9EC917452BF6750A007D1B64 /* PokemonDetailViewFinal.swift in Sources */ = {isa = PBXBuildFile; fileRef = 9EC917442BF6750A007D1B64 /* PokemonDetailViewFinal.swift */; };
		9EC917472BF67530007D1B64 /* PokemonModel.swift in Sources */ = {isa = PBXBuildFile; fileRef = 9EC917462BF67530007D1B64 /* PokemonModel.swift */; };
		9EC9174B2BF675A0007D1B64 /* IntroToSwift.swift in Sources */ = {isa = PBXBuildFile; fileRef = 9EC9174A2BF675A0007D1B64 /* IntroToSwift.swift */; };
		9EC9174D2BF676C7007D1B64 /* IntroToSwiftUI.swift in Sources */ = {isa = PBXBuildFile; fileRef = 9EC9174C2BF676C7007D1B64 /* IntroToSwiftUI.swift */; };
		9EE55BF82C06756600B30BA1 /* PokemonData.json in Resources */ = {isa = PBXBuildFile; fileRef = 9EE55BF72C06756600B30BA1 /* PokemonData.json */; };
		9EE55BFB2C07976800B30BA1 /* PokedexView.swift in Sources */ = {isa = PBXBuildFile; fileRef = 9EE55BFA2C07976800B30BA1 /* PokedexView.swift */; };
		9EE55BFF2C0797B900B30BA1 /* PokemonDetailView.swift in Sources */ = {isa = PBXBuildFile; fileRef = 9EE55BFE2C0797B900B30BA1 /* PokemonDetailView.swift */; };
/* End PBXBuildFile section */

/* Begin PBXFileReference section */
		9EC917302BF674D2007D1B64 /* Pokedex.app */ = {isa = PBXFileReference; explicitFileType = wrapper.application; includeInIndex = 0; path = Pokedex.app; sourceTree = BUILT_PRODUCTS_DIR; };
		9EC917332BF674D2007D1B64 /* PokedexApp.swift */ = {isa = PBXFileReference; lastKnownFileType = sourcecode.swift; path = PokedexApp.swift; sourceTree = "<group>"; };
		9EC917372BF674D4007D1B64 /* Assets.xcassets */ = {isa = PBXFileReference; lastKnownFileType = folder.assetcatalog; path = Assets.xcassets; sourceTree = "<group>"; };
		9EC917392BF674D4007D1B64 /* Pokedex.entitlements */ = {isa = PBXFileReference; lastKnownFileType = text.plist.entitlements; path = Pokedex.entitlements; sourceTree = "<group>"; };
		9EC9173B2BF674D4007D1B64 /* Preview Assets.xcassets */ = {isa = PBXFileReference; lastKnownFileType = folder.assetcatalog; path = "Preview Assets.xcassets"; sourceTree = "<group>"; };
		9EC917422BF674E6007D1B64 /* PokedexViewFinal.swift */ = {isa = PBXFileReference; lastKnownFileType = sourcecode.swift; path = PokedexViewFinal.swift; sourceTree = "<group>"; };
		9EC917442BF6750A007D1B64 /* PokemonDetailViewFinal.swift */ = {isa = PBXFileReference; lastKnownFileType = sourcecode.swift; path = PokemonDetailViewFinal.swift; sourceTree = "<group>"; };
		9EC917462BF67530007D1B64 /* PokemonModel.swift */ = {isa = PBXFileReference; lastKnownFileType = sourcecode.swift; path = PokemonModel.swift; sourceTree = "<group>"; };
		9EC9174A2BF675A0007D1B64 /* IntroToSwift.swift */ = {isa = PBXFileReference; lastKnownFileType = sourcecode.swift; path = IntroToSwift.swift; sourceTree = "<group>"; };
		9EC9174C2BF676C7007D1B64 /* IntroToSwiftUI.swift */ = {isa = PBXFileReference; lastKnownFileType = sourcecode.swift; path = IntroToSwiftUI.swift; sourceTree = "<group>"; };
		9EE55BF72C06756600B30BA1 /* PokemonData.json */ = {isa = PBXFileReference; lastKnownFileType = text.json; path = PokemonData.json; sourceTree = "<group>"; };
		9EE55BFA2C07976800B30BA1 /* PokedexView.swift */ = {isa = PBXFileReference; lastKnownFileType = sourcecode.swift; path = PokedexView.swift; sourceTree = "<group>"; };
		9EE55BFE2C0797B900B30BA1 /* PokemonDetailView.swift */ = {isa = PBXFileReference; lastKnownFileType = sourcecode.swift; path = PokemonDetailView.swift; sourceTree = "<group>"; };
/* End PBXFileReference section */

/* Begin PBXFrameworksBuildPhase section */
		9EC9172D2BF674D2007D1B64 /* Frameworks */ = {
			isa = PBXFrameworksBuildPhase;
			buildActionMask = 2147483647;
			files = (
			);
			runOnlyForDeploymentPostprocessing = 0;
		};
/* End PBXFrameworksBuildPhase section */

/* Begin PBXGroup section */
		9EC917272BF674D2007D1B64 = {
			isa = PBXGroup;
			children = (
				9EC917322BF674D2007D1B64 /* Pokedex */,
				9EC917312BF674D2007D1B64 /* Products */,
			);
			sourceTree = "<group>";
		};
		9EC917312BF674D2007D1B64 /* Products */ = {
			isa = PBXGroup;
			children = (
				9EC917302BF674D2007D1B64 /* Pokedex.app */,
			);
			name = Products;
			sourceTree = "<group>";
		};
		9EC917322BF674D2007D1B64 /* Pokedex */ = {
			isa = PBXGroup;
			children = (
				9EE55BFD2C0797A400B30BA1 /* Model */,
				9EE55BFC2C07977000B30BA1 /* Lesson Views */,
				9EE55BF92C07973B00B30BA1 /* Final Views */,
				9EE55BFA2C07976800B30BA1 /* PokedexView.swift */,
				9EE55BFE2C0797B900B30BA1 /* PokemonDetailView.swift */,
				9EC917332BF674D2007D1B64 /* PokedexApp.swift */,
				9EC917372BF674D4007D1B64 /* Assets.xcassets */,
				9EC917392BF674D4007D1B64 /* Pokedex.entitlements */,
				9EC9173A2BF674D4007D1B64 /* Preview Content */,
			);
			path = Pokedex;
			sourceTree = "<group>";
		};
		9EC9173A2BF674D4007D1B64 /* Preview Content */ = {
			isa = PBXGroup;
			children = (
				9EC9173B2BF674D4007D1B64 /* Preview Assets.xcassets */,
			);
			path = "Preview Content";
			sourceTree = "<group>";
		};
		9EE55BF92C07973B00B30BA1 /* Final Views */ = {
			isa = PBXGroup;
			children = (
				9EC917422BF674E6007D1B64 /* PokedexViewFinal.swift */,
				9EC917442BF6750A007D1B64 /* PokemonDetailViewFinal.swift */,
			);
			path = "Final Views";
			sourceTree = "<group>";
		};
		9EE55BFC2C07977000B30BA1 /* Lesson Views */ = {
			isa = PBXGroup;
			children = (
				9EC9174A2BF675A0007D1B64 /* IntroToSwift.swift */,
				9EC9174C2BF676C7007D1B64 /* IntroToSwiftUI.swift */,
			);
			path = "Lesson Views";
			sourceTree = "<group>";
		};
		9EE55BFD2C0797A400B30BA1 /* Model */ = {
			isa = PBXGroup;
			children = (
				9EC917462BF67530007D1B64 /* PokemonModel.swift */,
				9EE55BF72C06756600B30BA1 /* PokemonData.json */,
			);
			path = Model;
			sourceTree = "<group>";
		};
/* End PBXGroup section */

/* Begin PBXNativeTarget section */
		9EC9172F2BF674D2007D1B64 /* Pokedex */ = {
			isa = PBXNativeTarget;
			buildConfigurationList = 9EC9173F2BF674D4007D1B64 /* Build configuration list for PBXNativeTarget "Pokedex" */;
			buildPhases = (
				9EC9172C2BF674D2007D1B64 /* Sources */,
				9EC9172D2BF674D2007D1B64 /* Frameworks */,
				9EC9172E2BF674D2007D1B64 /* Resources */,
			);
			buildRules = (
			);
			dependencies = (
			);
			name = Pokedex;
			productName = Pokedex;
			productReference = 9EC917302BF674D2007D1B64 /* Pokedex.app */;
			productType = "com.apple.product-type.application";
		};
/* End PBXNativeTarget section */

/* Begin PBXProject section */
		9EC917282BF674D2007D1B64 /* Project object */ = {
			isa = PBXProject;
			attributes = {
				BuildIndependentTargetsInParallel = 1;
				LastSwiftUpdateCheck = 1540;
				LastUpgradeCheck = 1540;
				TargetAttributes = {
					9EC9172F2BF674D2007D1B64 = {
						CreatedOnToolsVersion = 15.4;
					};
				};
			};
			buildConfigurationList = 9EC9172B2BF674D2007D1B64 /* Build configuration list for PBXProject "Pokedex" */;
			compatibilityVersion = "Xcode 14.0";
			developmentRegion = en;
			hasScannedForEncodings = 0;
			knownRegions = (
				en,
				Base,
			);
			mainGroup = 9EC917272BF674D2007D1B64;
			productRefGroup = 9EC917312BF674D2007D1B64 /* Products */;
			projectDirPath = "";
			projectRoot = "";
			targets = (
				9EC9172F2BF674D2007D1B64 /* Pokedex */,
			);
		};
/* End PBXProject section */

/* Begin PBXResourcesBuildPhase section */
		9EC9172E2BF674D2007D1B64 /* Resources */ = {
			isa = PBXResourcesBuildPhase;
			buildActionMask = 2147483647;
			files = (
				9EC9173C2BF674D4007D1B64 /* Preview Assets.xcassets in Resources */,
				9EE55BF82C06756600B30BA1 /* PokemonData.json in Resources */,
				9EC917382BF674D4007D1B64 /* Assets.xcassets in Resources */,
			);
			runOnlyForDeploymentPostprocessing = 0;
		};
/* End PBXResourcesBuildPhase section */

/* Begin PBXSourcesBuildPhase section */
		9EC9172C2BF674D2007D1B64 /* Sources */ = {
			isa = PBXSourcesBuildPhase;
			buildActionMask = 2147483647;
			files = (
				9EC917432BF674E6007D1B64 /* PokedexViewFinal.swift in Sources */,
				9EE55BFF2C0797B900B30BA1 /* PokemonDetailView.swift in Sources */,
				9EC9174D2BF676C7007D1B64 /* IntroToSwiftUI.swift in Sources */,
				9EC917472BF67530007D1B64 /* PokemonModel.swift in Sources */,
				9EC917452BF6750A007D1B64 /* PokemonDetailViewFinal.swift in Sources */,
				9EC917342BF674D2007D1B64 /* PokedexApp.swift in Sources */,
				9EC9174B2BF675A0007D1B64 /* IntroToSwift.swift in Sources */,
				9EE55BFB2C07976800B30BA1 /* PokedexView.swift in Sources */,
			);
			runOnlyForDeploymentPostprocessing = 0;
		};
/* End PBXSourcesBuildPhase section */

/* Begin XCBuildConfiguration section */
		9EC9173D2BF674D4007D1B64 /* Debug */ = {
			isa = XCBuildConfiguration;
			buildSettings = {
				ALWAYS_SEARCH_USER_PATHS = NO;
				ASSETCATALOG_COMPILER_GENERATE_SWIFT_ASSET_SYMBOL_EXTENSIONS = YES;
				CLANG_ANALYZER_NONNULL = YES;
				CLANG_ANALYZER_NUMBER_OBJECT_CONVERSION = YES_AGGRESSIVE;
				CLANG_CXX_LANGUAGE_STANDARD = "gnu++20";
				CLANG_ENABLE_MODULES = YES;
				CLANG_ENABLE_OBJC_ARC = YES;
				CLANG_ENABLE_OBJC_WEAK = YES;
				CLANG_WARN_BLOCK_CAPTURE_AUTORELEASING = YES;
				CLANG_WARN_BOOL_CONVERSION = YES;
				CLANG_WARN_COMMA = YES;
				CLANG_WARN_CONSTANT_CONVERSION = YES;
				CLANG_WARN_DEPRECATED_OBJC_IMPLEMENTATIONS = YES;
				CLANG_WARN_DIRECT_OBJC_ISA_USAGE = YES_ERROR;
				CLANG_WARN_DOCUMENTATION_COMMENTS = YES;
				CLANG_WARN_EMPTY_BODY = YES;
				CLANG_WARN_ENUM_CONVERSION = YES;
				CLANG_WARN_INFINITE_RECURSION = YES;
				CLANG_WARN_INT_CONVERSION = YES;
				CLANG_WARN_NON_LITERAL_NULL_CONVERSION = YES;
				CLANG_WARN_OBJC_IMPLICIT_RETAIN_SELF = YES;
				CLANG_WARN_OBJC_LITERAL_CONVERSION = YES;
				CLANG_WARN_OBJC_ROOT_CLASS = YES_ERROR;
				CLANG_WARN_QUOTED_INCLUDE_IN_FRAMEWORK_HEADER = YES;
				CLANG_WARN_RANGE_LOOP_ANALYSIS = YES;
				CLANG_WARN_STRICT_PROTOTYPES = YES;
				CLANG_WARN_SUSPICIOUS_MOVE = YES;
				CLANG_WARN_UNGUARDED_AVAILABILITY = YES_AGGRESSIVE;
				CLANG_WARN_UNREACHABLE_CODE = YES;
				CLANG_WARN__DUPLICATE_METHOD_MATCH = YES;
				COPY_PHASE_STRIP = NO;
				DEBUG_INFORMATION_FORMAT = dwarf;
				ENABLE_STRICT_OBJC_MSGSEND = YES;
				ENABLE_TESTABILITY = YES;
				ENABLE_USER_SCRIPT_SANDBOXING = YES;
				GCC_C_LANGUAGE_STANDARD = gnu17;
				GCC_DYNAMIC_NO_PIC = NO;
				GCC_NO_COMMON_BLOCKS = YES;
				GCC_OPTIMIZATION_LEVEL = 0;
				GCC_PREPROCESSOR_DEFINITIONS = (
					"DEBUG=1",
					"$(inherited)",
				);
				GCC_WARN_64_TO_32_BIT_CONVERSION = YES;
				GCC_WARN_ABOUT_RETURN_TYPE = YES_ERROR;
				GCC_WARN_UNDECLARED_SELECTOR = YES;
				GCC_WARN_UNINITIALIZED_AUTOS = YES_AGGRESSIVE;
				GCC_WARN_UNUSED_FUNCTION = YES;
				GCC_WARN_UNUSED_VARIABLE = YES;
				LOCALIZATION_PREFERS_STRING_CATALOGS = YES;
				MTL_ENABLE_DEBUG_INFO = INCLUDE_SOURCE;
				MTL_FAST_MATH = YES;
				ONLY_ACTIVE_ARCH = YES;
				SWIFT_ACTIVE_COMPILATION_CONDITIONS = "DEBUG $(inherited)";
				SWIFT_OPTIMIZATION_LEVEL = "-Onone";
			};
			name = Debug;
		};
		9EC9173E2BF674D4007D1B64 /* Release */ = {
			isa = XCBuildConfiguration;
			buildSettings = {
				ALWAYS_SEARCH_USER_PATHS = NO;
				ASSETCATALOG_COMPILER_GENERATE_SWIFT_ASSET_SYMBOL_EXTENSIONS = YES;
				CLANG_ANALYZER_NONNULL = YES;
				CLANG_ANALYZER_NUMBER_OBJECT_CONVERSION = YES_AGGRESSIVE;
				CLANG_CXX_LANGUAGE_STANDARD = "gnu++20";
				CLANG_ENABLE_MODULES = YES;
				CLANG_ENABLE_OBJC_ARC = YES;
				CLANG_ENABLE_OBJC_WEAK = YES;
				CLANG_WARN_BLOCK_CAPTURE_AUTORELEASING = YES;
				CLANG_WARN_BOOL_CONVERSION = YES;
				CLANG_WARN_COMMA = YES;
				CLANG_WARN_CONSTANT_CONVERSION = YES;
				CLANG_WARN_DEPRECATED_OBJC_IMPLEMENTATIONS = YES;
				CLANG_WARN_DIRECT_OBJC_ISA_USAGE = YES_ERROR;
				CLANG_WARN_DOCUMENTATION_COMMENTS = YES;
				CLANG_WARN_EMPTY_BODY = YES;
				CLANG_WARN_ENUM_CONVERSION = YES;
				CLANG_WARN_INFINITE_RECURSION = YES;
				CLANG_WARN_INT_CONVERSION = YES;
				CLANG_WARN_NON_LITERAL_NULL_CONVERSION = YES;
				CLANG_WARN_OBJC_IMPLICIT_RETAIN_SELF = YES;
				CLANG_WARN_OBJC_LITERAL_CONVERSION = YES;
				CLANG_WARN_OBJC_ROOT_CLASS = YES_ERROR;
				CLANG_WARN_QUOTED_INCLUDE_IN_FRAMEWORK_HEADER = YES;
				CLANG_WARN_RANGE_LOOP_ANALYSIS = YES;
				CLANG_WARN_STRICT_PROTOTYPES = YES;
				CLANG_WARN_SUSPICIOUS_MOVE = YES;
				CLANG_WARN_UNGUARDED_AVAILABILITY = YES_AGGRESSIVE;
				CLANG_WARN_UNREACHABLE_CODE = YES;
				CLANG_WARN__DUPLICATE_METHOD_MATCH = YES;
				COPY_PHASE_STRIP = NO;
				DEBUG_INFORMATION_FORMAT = "dwarf-with-dsym";
				ENABLE_NS_ASSERTIONS = NO;
				ENABLE_STRICT_OBJC_MSGSEND = YES;
				ENABLE_USER_SCRIPT_SANDBOXING = YES;
				GCC_C_LANGUAGE_STANDARD = gnu17;
				GCC_NO_COMMON_BLOCKS = YES;
				GCC_WARN_64_TO_32_BIT_CONVERSION = YES;
				GCC_WARN_ABOUT_RETURN_TYPE = YES_ERROR;
				GCC_WARN_UNDECLARED_SELECTOR = YES;
				GCC_WARN_UNINITIALIZED_AUTOS = YES_AGGRESSIVE;
				GCC_WARN_UNUSED_FUNCTION = YES;
				GCC_WARN_UNUSED_VARIABLE = YES;
				LOCALIZATION_PREFERS_STRING_CATALOGS = YES;
				MTL_ENABLE_DEBUG_INFO = NO;
				MTL_FAST_MATH = YES;
				SWIFT_COMPILATION_MODE = wholemodule;
			};
			name = Release;
		};
		9EC917402BF674D4007D1B64 /* Debug */ = {
			isa = XCBuildConfiguration;
			buildSettings = {
				ASSETCATALOG_COMPILER_APPICON_NAME = AppIcon;
				ASSETCATALOG_COMPILER_GLOBAL_ACCENT_COLOR_NAME = AccentColor;
				CODE_SIGN_ENTITLEMENTS = Pokedex/Pokedex.entitlements;
				CODE_SIGN_STYLE = Automatic;
				CURRENT_PROJECT_VERSION = 1;
				DEVELOPMENT_ASSET_PATHS = "\"Pokedex/Preview Content\"";
				DEVELOPMENT_TEAM = FSKDLFC2L2;
				ENABLE_HARDENED_RUNTIME = YES;
				ENABLE_PREVIEWS = YES;
				GENERATE_INFOPLIST_FILE = YES;
				"INFOPLIST_KEY_UIApplicationSceneManifest_Generation[sdk=iphoneos*]" = YES;
				"INFOPLIST_KEY_UIApplicationSceneManifest_Generation[sdk=iphonesimulator*]" = YES;
				"INFOPLIST_KEY_UIApplicationSupportsIndirectInputEvents[sdk=iphoneos*]" = YES;
				"INFOPLIST_KEY_UIApplicationSupportsIndirectInputEvents[sdk=iphonesimulator*]" = YES;
				"INFOPLIST_KEY_UILaunchScreen_Generation[sdk=iphoneos*]" = YES;
				"INFOPLIST_KEY_UILaunchScreen_Generation[sdk=iphonesimulator*]" = YES;
				"INFOPLIST_KEY_UIStatusBarStyle[sdk=iphoneos*]" = UIStatusBarStyleDefault;
				"INFOPLIST_KEY_UIStatusBarStyle[sdk=iphonesimulator*]" = UIStatusBarStyleDefault;
				INFOPLIST_KEY_UISupportedInterfaceOrientations_iPad = "UIInterfaceOrientationPortrait UIInterfaceOrientationPortraitUpsideDown UIInterfaceOrientationLandscapeLeft UIInterfaceOrientationLandscapeRight";
				INFOPLIST_KEY_UISupportedInterfaceOrientations_iPhone = "UIInterfaceOrientationPortrait UIInterfaceOrientationLandscapeLeft UIInterfaceOrientationLandscapeRight";
				IPHONEOS_DEPLOYMENT_TARGET = 17.0;
				LD_RUNPATH_SEARCH_PATHS = "@executable_path/Frameworks";
				"LD_RUNPATH_SEARCH_PATHS[sdk=macosx*]" = "@executable_path/../Frameworks";
				MACOSX_DEPLOYMENT_TARGET = 14.0;
				MARKETING_VERSION = 1.0;
				PRODUCT_BUNDLE_IDENTIFIER = SkillsAcademy.Demo.Pokedex;
				PRODUCT_NAME = "$(TARGET_NAME)";
				SDKROOT = auto;
				SUPPORTED_PLATFORMS = "iphoneos iphonesimulator macosx";
				SWIFT_EMIT_LOC_STRINGS = YES;
				SWIFT_VERSION = 5.0;
				TARGETED_DEVICE_FAMILY = "1,2";
			};
			name = Debug;
		};
		9EC917412BF674D4007D1B64 /* Release */ = {
			isa = XCBuildConfiguration;
			buildSettings = {
				ASSETCATALOG_COMPILER_APPICON_NAME = AppIcon;
				ASSETCATALOG_COMPILER_GLOBAL_ACCENT_COLOR_NAME = AccentColor;
				CODE_SIGN_ENTITLEMENTS = Pokedex/Pokedex.entitlements;
				CODE_SIGN_STYLE = Automatic;
				CURRENT_PROJECT_VERSION = 1;
				DEVELOPMENT_ASSET_PATHS = "\"Pokedex/Preview Content\"";
				DEVELOPMENT_TEAM = FSKDLFC2L2;
				ENABLE_HARDENED_RUNTIME = YES;
				ENABLE_PREVIEWS = YES;
				GENERATE_INFOPLIST_FILE = YES;
				"INFOPLIST_KEY_UIApplicationSceneManifest_Generation[sdk=iphoneos*]" = YES;
				"INFOPLIST_KEY_UIApplicationSceneManifest_Generation[sdk=iphonesimulator*]" = YES;
				"INFOPLIST_KEY_UIApplicationSupportsIndirectInputEvents[sdk=iphoneos*]" = YES;
				"INFOPLIST_KEY_UIApplicationSupportsIndirectInputEvents[sdk=iphonesimulator*]" = YES;
				"INFOPLIST_KEY_UILaunchScreen_Generation[sdk=iphoneos*]" = YES;
				"INFOPLIST_KEY_UILaunchScreen_Generation[sdk=iphonesimulator*]" = YES;
				"INFOPLIST_KEY_UIStatusBarStyle[sdk=iphoneos*]" = UIStatusBarStyleDefault;
				"INFOPLIST_KEY_UIStatusBarStyle[sdk=iphonesimulator*]" = UIStatusBarStyleDefault;
				INFOPLIST_KEY_UISupportedInterfaceOrientations_iPad = "UIInterfaceOrientationPortrait UIInterfaceOrientationPortraitUpsideDown UIInterfaceOrientationLandscapeLeft UIInterfaceOrientationLandscapeRight";
				INFOPLIST_KEY_UISupportedInterfaceOrientations_iPhone = "UIInterfaceOrientationPortrait UIInterfaceOrientationLandscapeLeft UIInterfaceOrientationLandscapeRight";
				IPHONEOS_DEPLOYMENT_TARGET = 17.0;
				LD_RUNPATH_SEARCH_PATHS = "@executable_path/Frameworks";
				"LD_RUNPATH_SEARCH_PATHS[sdk=macosx*]" = "@executable_path/../Frameworks";
				MACOSX_DEPLOYMENT_TARGET = 14.0;
				MARKETING_VERSION = 1.0;
				PRODUCT_BUNDLE_IDENTIFIER = SkillsAcademy.Demo.Pokedex;
				PRODUCT_NAME = "$(TARGET_NAME)";
				SDKROOT = auto;
				SUPPORTED_PLATFORMS = "iphoneos iphonesimulator macosx";
				SWIFT_EMIT_LOC_STRINGS = YES;
				SWIFT_VERSION = 5.0;
				TARGETED_DEVICE_FAMILY = "1,2";
			};
			name = Release;
		};
/* End XCBuildConfiguration section */

/* Begin XCConfigurationList section */
		9EC9172B2BF674D2007D1B64 /* Build configuration list for PBXProject "Pokedex" */ = {
			isa = XCConfigurationList;
			buildConfigurations = (
				9EC9173D2BF674D4007D1B64 /* Debug */,
				9EC9173E2BF674D4007D1B64 /* Release */,
			);
			defaultConfigurationIsVisible = 0;
			defaultConfigurationName = Release;
		};
		9EC9173F2BF674D4007D1B64 /* Build configuration list for PBXNativeTarget "Pokedex" */ = {
			isa = XCConfigurationList;
			buildConfigurations = (
				9EC917402BF674D4007D1B64 /* Debug */,
				9EC917412BF674D4007D1B64 /* Release */,
			);
			defaultConfigurationIsVisible = 0;
			defaultConfigurationName = Release;
		};
/* End XCConfigurationList section */
	};
	rootObject = 9EC917282BF674D2007D1B64 /* Project object */;
}
